
Microsoft Visual Studio Solution File, Format Version 12.00
Project("{FAE04EC0-301F-11D3-BF4B-00C04F79EFBC}") = "WeirdMath", "WeirdMath\WeirdMath.csproj", "{146E71CB-ED25-4EEC-B98C-3BD9A4C26997}"
EndProject
Global
	GlobalSection(SolutionConfigurationPlatforms) = preSolution
		Debug|Any CPU = Debug|Any CPU
		Release|Any CPU = Release|Any CPU
	EndGlobalSection
	GlobalSection(ProjectConfigurationPlatforms) = postSolution
		{146E71CB-ED25-4EEC-B98C-3BD9A4C26997}.Debug|Any CPU.ActiveCfg = Debug|Any CPU
		{146E71CB-ED25-4EEC-B98C-3BD9A4C26997}.Debug|Any CPU.Build.0 = Debug|Any CPU
		{146E71CB-ED25-4EEC-B98C-3BD9A4C26997}.Release|Any CPU.ActiveCfg = Release|Any CPU
		{146E71CB-ED25-4EEC-B98C-3BD9A4C26997}.Release|Any CPU.Build.0 = Release|Any CPU
	EndGlobalSection
EndGlobal
